
Microsoft Visual Studio Solution File, Format Version 12.00
# Visual Studio Version 16
VisualStudioVersion = 16.0.31105.61
MinimumVisualStudioVersion = 10.0.40219.1
Project("{FAE04EC0-301F-11D3-BF4B-00C04F79EFBC}") = "BTP", "BTP.csproj", "{F6C741C3-1B2E-4616-B479-54552DE2D3AD}"
EndProject
Project("{FAE04EC0-301F-11D3-BF4B-00C04F79EFBC}") = "GcodeViewer", "..\..\..\viver\MG_BasicViewer\GcodeViewer.csproj", "{616B0B3B-1EC4-4A1A-9F2F-7DBF4CF65175}"
EndProject
Global
	GlobalSection(SolutionConfigurationPlatforms) = preSolution
		Debug|Any CPU = Debug|Any CPU
		Release|Any CPU = Release|Any CPU
	EndGlobalSection
	GlobalSection(ProjectConfigurationPlatforms) = postSolution
		{F6C741C3-1B2E-4616-B479-54552DE2D3AD}.Debug|Any CPU.ActiveCfg = Debug|Any CPU
		{F6C741C3-1B2E-4616-B479-54552DE2D3AD}.Debug|Any CPU.Build.0 = Debug|Any CPU
		{F6C741C3-1B2E-4616-B479-54552DE2D3AD}.Release|Any CPU.ActiveCfg = Release|Any CPU
		{F6C741C3-1B2E-4616-B479-54552DE2D3AD}.Release|Any CPU.Build.0 = Release|Any CPU
		{616B0B3B-1EC4-4A1A-9F2F-7DBF4CF65175}.Debug|Any CPU.ActiveCfg = Debug|Any CPU
		{616B0B3B-1EC4-4A1A-9F2F-7DBF4CF65175}.Debug|Any CPU.Build.0 = Debug|Any CPU
		{616B0B3B-1EC4-4A1A-9F2F-7DBF4CF65175}.Release|Any CPU.ActiveCfg = Release|Any CPU
		{616B0B3B-1EC4-4A1A-9F2F-7DBF4CF65175}.Release|Any CPU.Build.0 = Release|Any CPU
	EndGlobalSection
	GlobalSection(SolutionProperties) = preSolution
		HideSolutionNode = FALSE
	EndGlobalSection
	GlobalSection(ExtensibilityGlobals) = postSolution
		SolutionGuid = {83FB5B7F-C00F-46B3-8ABA-13B0A3F31C14}
	EndGlobalSection
EndGlobal
